// !$*UTF8*$!
{
	archiveVersion = 1;
	classes = {
	};
	objectVersion = 56;
	objects = {

/* Begin PBXBuildFile section */
		849503E22CFD919500F991BF /* WatchApp20241202App.swift in Sources */ = {isa = PBXBuildFile; fileRef = 849503E12CFD919500F991BF /* WatchApp20241202App.swift */; };
		849503E42CFD919500F991BF /* ContentView.swift in Sources */ = {isa = PBXBuildFile; fileRef = 849503E32CFD919500F991BF /* ContentView.swift */; };
		849503E62CFD919600F991BF /* Assets.xcassets in Resources */ = {isa = PBXBuildFile; fileRef = 849503E52CFD919600F991BF /* Assets.xcassets */; };
		849503E92CFD919600F991BF /* Preview Assets.xcassets in Resources */ = {isa = PBXBuildFile; fileRef = 849503E82CFD919600F991BF /* Preview Assets.xcassets */; };
		849503F32CFD919600F991BF /* WatchApp20241202Tests.swift in Sources */ = {isa = PBXBuildFile; fileRef = 849503F22CFD919600F991BF /* WatchApp20241202Tests.swift */; };
		849503FD2CFD919600F991BF /* WatchApp20241202UITests.swift in Sources */ = {isa = PBXBuildFile; fileRef = 849503FC2CFD919600F991BF /* WatchApp20241202UITests.swift */; };
		849503FF2CFD919600F991BF /* WatchApp20241202UITestsLaunchTests.swift in Sources */ = {isa = PBXBuildFile; fileRef = 849503FE2CFD919600F991BF /* WatchApp20241202UITestsLaunchTests.swift */; };
		8495040E2D08D73F00F991BF /* AnalogFaceView.swift in Sources */ = {isa = PBXBuildFile; fileRef = 8495040D2D08D73F00F991BF /* AnalogFaceView.swift */; };
/* End PBXBuildFile section */

/* Begin PBXContainerItemProxy section */
		849503EF2CFD919600F991BF /* PBXContainerItemProxy */ = {
			isa = PBXContainerItemProxy;
			containerPortal = 849503D62CFD919500F991BF /* Project object */;
			proxyType = 1;
			remoteGlobalIDString = 849503DD2CFD919500F991BF;
			remoteInfo = WatchApp20241202;
		};
		849503F92CFD919600F991BF /* PBXContainerItemProxy */ = {
			isa = PBXContainerItemProxy;
			containerPortal = 849503D62CFD919500F991BF /* Project object */;
			proxyType = 1;
			remoteGlobalIDString = 849503DD2CFD919500F991BF;
			remoteInfo = WatchApp20241202;
		};
/* End PBXContainerItemProxy section */

/* Begin PBXFileReference section */
		849503DE2CFD919500F991BF /* WatchApp20241202.app */ = {isa = PBXFileReference; explicitFileType = wrapper.application; includeInIndex = 0; path = WatchApp20241202.app; sourceTree = BUILT_PRODUCTS_DIR; };
		849503E12CFD919500F991BF /* WatchApp20241202App.swift */ = {isa = PBXFileReference; lastKnownFileType = sourcecode.swift; path = WatchApp20241202App.swift; sourceTree = "<group>"; };
		849503E32CFD919500F991BF /* ContentView.swift */ = {isa = PBXFileReference; lastKnownFileType = sourcecode.swift; path = ContentView.swift; sourceTree = "<group>"; };
		849503E52CFD919600F991BF /* Assets.xcassets */ = {isa = PBXFileReference; lastKnownFileType = folder.assetcatalog; path = Assets.xcassets; sourceTree = "<group>"; };
		849503E82CFD919600F991BF /* Preview Assets.xcassets */ = {isa = PBXFileReference; lastKnownFileType = folder.assetcatalog; path = "Preview Assets.xcassets"; sourceTree = "<group>"; };
		849503EE2CFD919600F991BF /* WatchApp20241202Tests.xctest */ = {isa = PBXFileReference; explicitFileType = wrapper.cfbundle; includeInIndex = 0; path = WatchApp20241202Tests.xctest; sourceTree = BUILT_PRODUCTS_DIR; };
		849503F22CFD919600F991BF /* WatchApp20241202Tests.swift */ = {isa = PBXFileReference; lastKnownFileType = sourcecode.swift; path = WatchApp20241202Tests.swift; sourceTree = "<group>"; };
		849503F82CFD919600F991BF /* WatchApp20241202UITests.xctest */ = {isa = PBXFileReference; explicitFileType = wrapper.cfbundle; includeInIndex = 0; path = WatchApp20241202UITests.xctest; sourceTree = BUILT_PRODUCTS_DIR; };
		849503FC2CFD919600F991BF /* WatchApp20241202UITests.swift */ = {isa = PBXFileReference; lastKnownFileType = sourcecode.swift; path = WatchApp20241202UITests.swift; sourceTree = "<group>"; };
		849503FE2CFD919600F991BF /* WatchApp20241202UITestsLaunchTests.swift */ = {isa = PBXFileReference; lastKnownFileType = sourcecode.swift; path = WatchApp20241202UITestsLaunchTests.swift; sourceTree = "<group>"; };
		8495040D2D08D73F00F991BF /* AnalogFaceView.swift */ = {isa = PBXFileReference; lastKnownFileType = sourcecode.swift; path = AnalogFaceView.swift; sourceTree = "<group>"; };
/* End PBXFileReference section */

/* Begin PBXFrameworksBuildPhase section */
		849503DB2CFD919500F991BF /* Frameworks */ = {
			isa = PBXFrameworksBuildPhase;
			buildActionMask = 2147483647;
			files = (
			);
			runOnlyForDeploymentPostprocessing = 0;
		};
		849503EB2CFD919600F991BF /* Frameworks */ = {
			isa = PBXFrameworksBuildPhase;
			buildActionMask = 2147483647;
			files = (
			);
			runOnlyForDeploymentPostprocessing = 0;
		};
		849503F52CFD919600F991BF /* Frameworks */ = {
			isa = PBXFrameworksBuildPhase;
			buildActionMask = 2147483647;
			files = (
			);
			runOnlyForDeploymentPostprocessing = 0;
		};
/* End PBXFrameworksBuildPhase section */

/* Begin PBXGroup section */
		849503D52CFD919500F991BF = {
			isa = PBXGroup;
			children = (
				849503E02CFD919500F991BF /* WatchApp20241202 */,
				849503F12CFD919600F991BF /* WatchApp20241202Tests */,
				849503FB2CFD919600F991BF /* WatchApp20241202UITests */,
				849503DF2CFD919500F991BF /* Products */,
			);
			sourceTree = "<group>";
		};
		849503DF2CFD919500F991BF /* Products */ = {
			isa = PBXGroup;
			children = (
				849503DE2CFD919500F991BF /* WatchApp20241202.app */,
				849503EE2CFD919600F991BF /* WatchApp20241202Tests.xctest */,
				849503F82CFD919600F991BF /* WatchApp20241202UITests.xctest */,
			);
			name = Products;
			sourceTree = "<group>";
		};
		849503E02CFD919500F991BF /* WatchApp20241202 */ = {
			isa = PBXGroup;
			children = (
				849503E12CFD919500F991BF /* WatchApp20241202App.swift */,
				849503E32CFD919500F991BF /* ContentView.swift */,
				8495040D2D08D73F00F991BF /* AnalogFaceView.swift */,
				849503E52CFD919600F991BF /* Assets.xcassets */,
				849503E72CFD919600F991BF /* Preview Content */,
			);
			path = WatchApp20241202;
			sourceTree = "<group>";
		};
		849503E72CFD919600F991BF /* Preview Content */ = {
			isa = PBXGroup;
			children = (
				849503E82CFD919600F991BF /* Preview Assets.xcassets */,
			);
			path = "Preview Content";
			sourceTree = "<group>";
		};
		849503F12CFD919600F991BF /* WatchApp20241202Tests */ = {
			isa = PBXGroup;
			children = (
				849503F22CFD919600F991BF /* WatchApp20241202Tests.swift */,
			);
			path = WatchApp20241202Tests;
			sourceTree = "<group>";
		};
		849503FB2CFD919600F991BF /* WatchApp20241202UITests */ = {
			isa = PBXGroup;
			children = (
				849503FC2CFD919600F991BF /* WatchApp20241202UITests.swift */,
				849503FE2CFD919600F991BF /* WatchApp20241202UITestsLaunchTests.swift */,
			);
			path = WatchApp20241202UITests;
			sourceTree = "<group>";
		};
/* End PBXGroup section */

/* Begin PBXNativeTarget section */
		849503DD2CFD919500F991BF /* WatchApp20241202 */ = {
			isa = PBXNativeTarget;
			buildConfigurationList = 849504022CFD919600F991BF /* Build configuration list for PBXNativeTarget "WatchApp20241202" */;
			buildPhases = (
				849503DA2CFD919500F991BF /* Sources */,
				849503DB2CFD919500F991BF /* Frameworks */,
				849503DC2CFD919500F991BF /* Resources */,
			);
			buildRules = (
			);
			dependencies = (
			);
			name = WatchApp20241202;
			productName = WatchApp20241202;
			productReference = 849503DE2CFD919500F991BF /* WatchApp20241202.app */;
			productType = "com.apple.product-type.application";
		};
		849503ED2CFD919600F991BF /* WatchApp20241202Tests */ = {
			isa = PBXNativeTarget;
			buildConfigurationList = 849504052CFD919600F991BF /* Build configuration list for PBXNativeTarget "WatchApp20241202Tests" */;
			buildPhases = (
				849503EA2CFD919600F991BF /* Sources */,
				849503EB2CFD919600F991BF /* Frameworks */,
				849503EC2CFD919600F991BF /* Resources */,
			);
			buildRules = (
			);
			dependencies = (
				849503F02CFD919600F991BF /* PBXTargetDependency */,
			);
			name = WatchApp20241202Tests;
			productName = WatchApp20241202Tests;
			productReference = 849503EE2CFD919600F991BF /* WatchApp20241202Tests.xctest */;
			productType = "com.apple.product-type.bundle.unit-test";
		};
		849503F72CFD919600F991BF /* WatchApp20241202UITests */ = {
			isa = PBXNativeTarget;
			buildConfigurationList = 849504082CFD919600F991BF /* Build configuration list for PBXNativeTarget "WatchApp20241202UITests" */;
			buildPhases = (
				849503F42CFD919600F991BF /* Sources */,
				849503F52CFD919600F991BF /* Frameworks */,
				849503F62CFD919600F991BF /* Resources */,
			);
			buildRules = (
			);
			dependencies = (
				849503FA2CFD919600F991BF /* PBXTargetDependency */,
			);
			name = WatchApp20241202UITests;
			productName = WatchApp20241202UITests;
			productReference = 849503F82CFD919600F991BF /* WatchApp20241202UITests.xctest */;
			productType = "com.apple.product-type.bundle.ui-testing";
		};
/* End PBXNativeTarget section */

/* Begin PBXProject section */
		849503D62CFD919500F991BF /* Project object */ = {
			isa = PBXProject;
			attributes = {
				BuildIndependentTargetsInParallel = 1;
				LastSwiftUpdateCheck = 1520;
				LastUpgradeCheck = 1520;
				TargetAttributes = {
					849503DD2CFD919500F991BF = {
						CreatedOnToolsVersion = 15.2;
					};
					849503ED2CFD919600F991BF = {
						CreatedOnToolsVersion = 15.2;
						TestTargetID = 849503DD2CFD919500F991BF;
					};
					849503F72CFD919600F991BF = {
						CreatedOnToolsVersion = 15.2;
						TestTargetID = 849503DD2CFD919500F991BF;
					};
				};
			};
			buildConfigurationList = 849503D92CFD919500F991BF /* Build configuration list for PBXProject "WatchApp20241202" */;
			compatibilityVersion = "Xcode 14.0";
			developmentRegion = en;
			hasScannedForEncodings = 0;
			knownRegions = (
				en,
				Base,
			);
			mainGroup = 849503D52CFD919500F991BF;
			productRefGroup = 849503DF2CFD919500F991BF /* Products */;
			projectDirPath = "";
			projectRoot = "";
			targets = (
				849503DD2CFD919500F991BF /* WatchApp20241202 */,
				849503ED2CFD919600F991BF /* WatchApp20241202Tests */,
				849503F72CFD919600F991BF /* WatchApp20241202UITests */,
			);
		};
/* End PBXProject section */

/* Begin PBXResourcesBuildPhase section */
		849503DC2CFD919500F991BF /* Resources */ = {
			isa = PBXResourcesBuildPhase;
			buildActionMask = 2147483647;
			files = (
				849503E92CFD919600F991BF /* Preview Assets.xcassets in Resources */,
				849503E62CFD919600F991BF /* Assets.xcassets in Resources */,
			);
			runOnlyForDeploymentPostprocessing = 0;
		};
		849503EC2CFD919600F991BF /* Resources */ = {
			isa = PBXResourcesBuildPhase;
			buildActionMask = 2147483647;
			files = (
			);
			runOnlyForDeploymentPostprocessing = 0;
		};
		849503F62CFD919600F991BF /* Resources */ = {
			isa = PBXResourcesBuildPhase;
			buildActionMask = 2147483647;
			files = (
			);
			runOnlyForDeploymentPostprocessing = 0;
		};
/* End PBXResourcesBuildPhase section */

/* Begin PBXSourcesBuildPhase section */
		849503DA2CFD919500F991BF /* Sources */ = {
			isa = PBXSourcesBuildPhase;
			buildActionMask = 2147483647;
			files = (
				8495040E2D08D73F00F991BF /* AnalogFaceView.swift in Sources */,
				849503E42CFD919500F991BF /* ContentView.swift in Sources */,
				849503E22CFD919500F991BF /* WatchApp20241202App.swift in Sources */,
			);
			runOnlyForDeploymentPostprocessing = 0;
		};
		849503EA2CFD919600F991BF /* Sources */ = {
			isa = PBXSourcesBuildPhase;
			buildActionMask = 2147483647;
			files = (
				849503F32CFD919600F991BF /* WatchApp20241202Tests.swift in Sources */,
			);
			runOnlyForDeploymentPostprocessing = 0;
		};
		849503F42CFD919600F991BF /* Sources */ = {
			isa = PBXSourcesBuildPhase;
			buildActionMask = 2147483647;
			files = (
				849503FD2CFD919600F991BF /* WatchApp20241202UITests.swift in Sources */,
				849503FF2CFD919600F991BF /* WatchApp20241202UITestsLaunchTests.swift in Sources */,
			);
			runOnlyForDeploymentPostprocessing = 0;
		};
/* End PBXSourcesBuildPhase section */

/* Begin PBXTargetDependency section */
		849503F02CFD919600F991BF /* PBXTargetDependency */ = {
			isa = PBXTargetDependency;
			target = 849503DD2CFD919500F991BF /* WatchApp20241202 */;
			targetProxy = 849503EF2CFD919600F991BF /* PBXContainerItemProxy */;
		};
		849503FA2CFD919600F991BF /* PBXTargetDependency */ = {
			isa = PBXTargetDependency;
			target = 849503DD2CFD919500F991BF /* WatchApp20241202 */;
			targetProxy = 849503F92CFD919600F991BF /* PBXContainerItemProxy */;
		};
/* End PBXTargetDependency section */

/* Begin XCBuildConfiguration section */
		849504002CFD919600F991BF /* Debug */ = {
			isa = XCBuildConfiguration;
			buildSettings = {
				ALWAYS_SEARCH_USER_PATHS = NO;
				ASSETCATALOG_COMPILER_GENERATE_SWIFT_ASSET_SYMBOL_EXTENSIONS = YES;
				CLANG_ANALYZER_NONNULL = YES;
				CLANG_ANALYZER_NUMBER_OBJECT_CONVERSION = YES_AGGRESSIVE;
				CLANG_CXX_LANGUAGE_STANDARD = "gnu++20";
				CLANG_ENABLE_MODULES = YES;
				CLANG_ENABLE_OBJC_ARC = YES;
				CLANG_ENABLE_OBJC_WEAK = YES;
				CLANG_WARN_BLOCK_CAPTURE_AUTORELEASING = YES;
				CLANG_WARN_BOOL_CONVERSION = YES;
				CLANG_WARN_COMMA = YES;
				CLANG_WARN_CONSTANT_CONVERSION = YES;
				CLANG_WARN_DEPRECATED_OBJC_IMPLEMENTATIONS = YES;
				CLANG_WARN_DIRECT_OBJC_ISA_USAGE = YES_ERROR;
				CLANG_WARN_DOCUMENTATION_COMMENTS = YES;
				CLANG_WARN_EMPTY_BODY = YES;
				CLANG_WARN_ENUM_CONVERSION = YES;
				CLANG_WARN_INFINITE_RECURSION = YES;
				CLANG_WARN_INT_CONVERSION = YES;
				CLANG_WARN_NON_LITERAL_NULL_CONVERSION = YES;
				CLANG_WARN_OBJC_IMPLICIT_RETAIN_SELF = YES;
				CLANG_WARN_OBJC_LITERAL_CONVERSION = YES;
				CLANG_WARN_OBJC_ROOT_CLASS = YES_ERROR;
				CLANG_WARN_QUOTED_INCLUDE_IN_FRAMEWORK_HEADER = YES;
				CLANG_WARN_RANGE_LOOP_ANALYSIS = YES;
				CLANG_WARN_STRICT_PROTOTYPES = YES;
				CLANG_WARN_SUSPICIOUS_MOVE = YES;
				CLANG_WARN_UNGUARDED_AVAILABILITY = YES_AGGRESSIVE;
				CLANG_WARN_UNREACHABLE_CODE = YES;
				CLANG_WARN__DUPLICATE_METHOD_MATCH = YES;
				COPY_PHASE_STRIP = NO;
				DEBUG_INFORMATION_FORMAT = dwarf;
				ENABLE_STRICT_OBJC_MSGSEND = YES;
				ENABLE_TESTABILITY = YES;
				ENABLE_USER_SCRIPT_SANDBOXING = YES;
				GCC_C_LANGUAGE_STANDARD = gnu17;
				GCC_DYNAMIC_NO_PIC = NO;
				GCC_NO_COMMON_BLOCKS = YES;
				GCC_OPTIMIZATION_LEVEL = 0;
				GCC_PREPROCESSOR_DEFINITIONS = (
					"DEBUG=1",
					"$(inherited)",
				);
				GCC_WARN_64_TO_32_BIT_CONVERSION = YES;
				GCC_WARN_ABOUT_RETURN_TYPE = YES_ERROR;
				GCC_WARN_UNDECLARED_SELECTOR = YES;
				GCC_WARN_UNINITIALIZED_AUTOS = YES_AGGRESSIVE;
				GCC_WARN_UNUSED_FUNCTION = YES;
				GCC_WARN_UNUSED_VARIABLE = YES;
				IPHONEOS_DEPLOYMENT_TARGET = 17.2;
				LOCALIZATION_PREFERS_STRING_CATALOGS = YES;
				MTL_ENABLE_DEBUG_INFO = INCLUDE_SOURCE;
				MTL_FAST_MATH = YES;
				ONLY_ACTIVE_ARCH = YES;
				SDKROOT = iphoneos;
				SWIFT_ACTIVE_COMPILATION_CONDITIONS = "DEBUG $(inherited)";
				SWIFT_OPTIMIZATION_LEVEL = "-Onone";
			};
			name = Debug;
		};
		849504012CFD919600F991BF /* Release */ = {
			isa = XCBuildConfiguration;
			buildSettings = {
				ALWAYS_SEARCH_USER_PATHS = NO;
				ASSETCATALOG_COMPILER_GENERATE_SWIFT_ASSET_SYMBOL_EXTENSIONS = YES;
				CLANG_ANALYZER_NONNULL = YES;
				CLANG_ANALYZER_NUMBER_OBJECT_CONVERSION = YES_AGGRESSIVE;
				CLANG_CXX_LANGUAGE_STANDARD = "gnu++20";
				CLANG_ENABLE_MODULES = YES;
				CLANG_ENABLE_OBJC_ARC = YES;
				CLANG_ENABLE_OBJC_WEAK = YES;
				CLANG_WARN_BLOCK_CAPTURE_AUTORELEASING = YES;
				CLANG_WARN_BOOL_CONVERSION = YES;
				CLANG_WARN_COMMA = YES;
				CLANG_WARN_CONSTANT_CONVERSION = YES;
				CLANG_WARN_DEPRECATED_OBJC_IMPLEMENTATIONS = YES;
				CLANG_WARN_DIRECT_OBJC_ISA_USAGE = YES_ERROR;
				CLANG_WARN_DOCUMENTATION_COMMENTS = YES;
				CLANG_WARN_EMPTY_BODY = YES;
				CLANG_WARN_ENUM_CONVERSION = YES;
				CLANG_WARN_INFINITE_RECURSION = YES;
				CLANG_WARN_INT_CONVERSION = YES;
				CLANG_WARN_NON_LITERAL_NULL_CONVERSION = YES;
				CLANG_WARN_OBJC_IMPLICIT_RETAIN_SELF = YES;
				CLANG_WARN_OBJC_LITERAL_CONVERSION = YES;
				CLANG_WARN_OBJC_ROOT_CLASS = YES_ERROR;
				CLANG_WARN_QUOTED_INCLUDE_IN_FRAMEWORK_HEADER = YES;
				CLANG_WARN_RANGE_LOOP_ANALYSIS = YES;
				CLANG_WARN_STRICT_PROTOTYPES = YES;
				CLANG_WARN_SUSPICIOUS_MOVE = YES;
				CLANG_WARN_UNGUARDED_AVAILABILITY = YES_AGGRESSIVE;
				CLANG_WARN_UNREACHABLE_CODE = YES;
				CLANG_WARN__DUPLICATE_METHOD_MATCH = YES;
				COPY_PHASE_STRIP = NO;
				DEBUG_INFORMATION_FORMAT = "dwarf-with-dsym";
				ENABLE_NS_ASSERTIONS = NO;
				ENABLE_STRICT_OBJC_MSGSEND = YES;
				ENABLE_USER_SCRIPT_SANDBOXING = YES;
				GCC_C_LANGUAGE_STANDARD = gnu17;
				GCC_NO_COMMON_BLOCKS = YES;
				GCC_WARN_64_TO_32_BIT_CONVERSION = YES;
				GCC_WARN_ABOUT_RETURN_TYPE = YES_ERROR;
				GCC_WARN_UNDECLARED_SELECTOR = YES;
				GCC_WARN_UNINITIALIZED_AUTOS = YES_AGGRESSIVE;
				GCC_WARN_UNUSED_FUNCTION = YES;
				GCC_WARN_UNUSED_VARIABLE = YES;
				IPHONEOS_DEPLOYMENT_TARGET = 17.2;
				LOCALIZATION_PREFERS_STRING_CATALOGS = YES;
				MTL_ENABLE_DEBUG_INFO = NO;
				MTL_FAST_MATH = YES;
				SDKROOT = iphoneos;
				SWIFT_COMPILATION_MODE = wholemodule;
				VALIDATE_PRODUCT = YES;
			};
			name = Release;
		};
		849504032CFD919600F991BF /* Debug */ = {
			isa = XCBuildConfiguration;
			buildSettings = {
				ASSETCATALOG_COMPILER_APPICON_NAME = AppIcon;
				ASSETCATALOG_COMPILER_GLOBAL_ACCENT_COLOR_NAME = AccentColor;
				CODE_SIGN_STYLE = Automatic;
				CURRENT_PROJECT_VERSION = 1;
				DEVELOPMENT_ASSET_PATHS = "\"WatchApp20241202/Preview Content\"";
				DEVELOPMENT_TEAM = J5SV3XFBU5;
				ENABLE_PREVIEWS = YES;
				GENERATE_INFOPLIST_FILE = YES;
				INFOPLIST_KEY_UIApplicationSceneManifest_Generation = YES;
				INFOPLIST_KEY_UIApplicationSupportsIndirectInputEvents = YES;
				INFOPLIST_KEY_UILaunchScreen_Generation = YES;
				INFOPLIST_KEY_UISupportedInterfaceOrientations_iPad = "UIInterfaceOrientationPortrait UIInterfaceOrientationPortraitUpsideDown UIInterfaceOrientationLandscapeLeft UIInterfaceOrientationLandscapeRight";
				INFOPLIST_KEY_UISupportedInterfaceOrientations_iPhone = "UIInterfaceOrientationPortrait UIInterfaceOrientationLandscapeLeft UIInterfaceOrientationLandscapeRight";
				LD_RUNPATH_SEARCH_PATHS = (
					"$(inherited)",
					"@executable_path/Frameworks",
				);
				MARKETING_VERSION = 1.0;
				PRODUCT_BUNDLE_IDENTIFIER = com.WatchApp20241202;
				PRODUCT_NAME = "$(TARGET_NAME)";
				SWIFT_EMIT_LOC_STRINGS = YES;
				SWIFT_VERSION = 5.0;
				TARGETED_DEVICE_FAMILY = "1,2";
			};
			name = Debug;
		};
		849504042CFD919600F991BF /* Release */ = {
			isa = XCBuildConfiguration;
			buildSettings = {
				ASSETCATALOG_COMPILER_APPICON_NAME = AppIcon;
				ASSETCATALOG_COMPILER_GLOBAL_ACCENT_COLOR_NAME = AccentColor;
				CODE_SIGN_STYLE = Automatic;
				CURRENT_PROJECT_VERSION = 1;
				DEVELOPMENT_ASSET_PATHS = "\"WatchApp20241202/Preview Content\"";
				DEVELOPMENT_TEAM = J5SV3XFBU5;
				ENABLE_PREVIEWS = YES;
				GENERATE_INFOPLIST_FILE = YES;
				INFOPLIST_KEY_UIApplicationSceneManifest_Generation = YES;
				INFOPLIST_KEY_UIApplicationSupportsIndirectInputEvents = YES;
				INFOPLIST_KEY_UILaunchScreen_Generation = YES;
				INFOPLIST_KEY_UISupportedInterfaceOrientations_iPad = "UIInterfaceOrientationPortrait UIInterfaceOrientationPortraitUpsideDown UIInterfaceOrientationLandscapeLeft UIInterfaceOrientationLandscapeRight";
				INFOPLIST_KEY_UISupportedInterfaceOrientations_iPhone = "UIInterfaceOrientationPortrait UIInterfaceOrientationLandscapeLeft UIInterfaceOrientationLandscapeRight";
				LD_RUNPATH_SEARCH_PATHS = (
					"$(inherited)",
					"@executable_path/Frameworks",
				);
				MARKETING_VERSION = 1.0;
				PRODUCT_BUNDLE_IDENTIFIER = com.WatchApp20241202;
				PRODUCT_NAME = "$(TARGET_NAME)";
				SWIFT_EMIT_LOC_STRINGS = YES;
				SWIFT_VERSION = 5.0;
				TARGETED_DEVICE_FAMILY = "1,2";
			};
			name = Release;
		};
		849504062CFD919600F991BF /* Debug */ = {
			isa = XCBuildConfiguration;
			buildSettings = {
				ALWAYS_EMBED_SWIFT_STANDARD_LIBRARIES = YES;
				BUNDLE_LOADER = "$(TEST_HOST)";
				CODE_SIGN_STYLE = Automatic;
				CURRENT_PROJECT_VERSION = 1;
				DEVELOPMENT_TEAM = J5SV3XFBU5;
				GENERATE_INFOPLIST_FILE = YES;
				IPHONEOS_DEPLOYMENT_TARGET = 17.2;
				MARKETING_VERSION = 1.0;
				PRODUCT_BUNDLE_IDENTIFIER = com.WatchApp20241202Tests;
				PRODUCT_NAME = "$(TARGET_NAME)";
				SWIFT_EMIT_LOC_STRINGS = NO;
				SWIFT_VERSION = 5.0;
				TARGETED_DEVICE_FAMILY = "1,2";
				TEST_HOST = "$(BUILT_PRODUCTS_DIR)/WatchApp20241202.app/$(BUNDLE_EXECUTABLE_FOLDER_PATH)/WatchApp20241202";
			};
			name = Debug;
		};
		849504072CFD919600F991BF /* Release */ = {
			isa = XCBuildConfiguration;
			buildSettings = {
				ALWAYS_EMBED_SWIFT_STANDARD_LIBRARIES = YES;
				BUNDLE_LOADER = "$(TEST_HOST)";
				CODE_SIGN_STYLE = Automatic;
				CURRENT_PROJECT_VERSION = 1;
				DEVELOPMENT_TEAM = J5SV3XFBU5;
				GENERATE_INFOPLIST_FILE = YES;
				IPHONEOS_DEPLOYMENT_TARGET = 17.2;
				MARKETING_VERSION = 1.0;
				PRODUCT_BUNDLE_IDENTIFIER = com.WatchApp20241202Tests;
				PRODUCT_NAME = "$(TARGET_NAME)";
				SWIFT_EMIT_LOC_STRINGS = NO;
				SWIFT_VERSION = 5.0;
				TARGETED_DEVICE_FAMILY = "1,2";
				TEST_HOST = "$(BUILT_PRODUCTS_DIR)/WatchApp20241202.app/$(BUNDLE_EXECUTABLE_FOLDER_PATH)/WatchApp20241202";
			};
			name = Release;
		};
		849504092CFD919600F991BF /* Debug */ = {
			isa = XCBuildConfiguration;
			buildSettings = {
				ALWAYS_EMBED_SWIFT_STANDARD_LIBRARIES = YES;
				CODE_SIGN_STYLE = Automatic;
				CURRENT_PROJECT_VERSION = 1;
				DEVELOPMENT_TEAM = J5SV3XFBU5;
				GENERATE_INFOPLIST_FILE = YES;
				MARKETING_VERSION = 1.0;
				PRODUCT_BUNDLE_IDENTIFIER = com.WatchApp20241202UITests;
				PRODUCT_NAME = "$(TARGET_NAME)";
				SWIFT_EMIT_LOC_STRINGS = NO;
				SWIFT_VERSION = 5.0;
				TARGETED_DEVICE_FAMILY = "1,2";
				TEST_TARGET_NAME = WatchApp20241202;
			};
			name = Debug;
		};
		8495040A2CFD919600F991BF /* Release */ = {
			isa = XCBuildConfiguration;
			buildSettings = {
				ALWAYS_EMBED_SWIFT_STANDARD_LIBRARIES = YES;
				CODE_SIGN_STYLE = Automatic;
				CURRENT_PROJECT_VERSION = 1;
				DEVELOPMENT_TEAM = J5SV3XFBU5;
				GENERATE_INFOPLIST_FILE = YES;
				MARKETING_VERSION = 1.0;
				PRODUCT_BUNDLE_IDENTIFIER = com.WatchApp20241202UITests;
				PRODUCT_NAME = "$(TARGET_NAME)";
				SWIFT_EMIT_LOC_STRINGS = NO;
				SWIFT_VERSION = 5.0;
				TARGETED_DEVICE_FAMILY = "1,2";
				TEST_TARGET_NAME = WatchApp20241202;
			};
			name = Release;
		};
/* End XCBuildConfiguration section */

/* Begin XCConfigurationList section */
		849503D92CFD919500F991BF /* Build configuration list for PBXProject "WatchApp20241202" */ = {
			isa = XCConfigurationList;
			buildConfigurations = (
				849504002CFD919600F991BF /* Debug */,
				849504012CFD919600F991BF /* Release */,
			);
			defaultConfigurationIsVisible = 0;
			defaultConfigurationName = Release;
		};
		849504022CFD919600F991BF /* Build configuration list for PBXNativeTarget "WatchApp20241202" */ = {
			isa = XCConfigurationList;
			buildConfigurations = (
				849504032CFD919600F991BF /* Debug */,
				849504042CFD919600F991BF /* Release */,
			);
			defaultConfigurationIsVisible = 0;
			defaultConfigurationName = Release;
		};
		849504052CFD919600F991BF /* Build configuration list for PBXNativeTarget "WatchApp20241202Tests" */ = {
			isa = XCConfigurationList;
			buildConfigurations = (
				849504062CFD919600F991BF /* Debug */,
				849504072CFD919600F991BF /* Release */,
			);
			defaultConfigurationIsVisible = 0;
			defaultConfigurationName = Release;
		};
		849504082CFD919600F991BF /* Build configuration list for PBXNativeTarget "WatchApp20241202UITests" */ = {
			isa = XCConfigurationList;
			buildConfigurations = (
				849504092CFD919600F991BF /* Debug */,
				8495040A2CFD919600F991BF /* Release */,
			);
			defaultConfigurationIsVisible = 0;
			defaultConfigurationName = Release;
		};
/* End XCConfigurationList section */
	};
	rootObject = 849503D62CFD919500F991BF /* Project object */;
}
